// !$*UTF8*$!
{
	archiveVersion = 1;
	classes = {
	};
	objectVersion = 46;
	objects = {

/* Begin PBXBuildFile section */
		96A795C01EA8626F009DCD0D /* AppDelegate.swift in Sources */ = {isa = PBXBuildFile; fileRef = 96A795BF1EA8626F009DCD0D /* AppDelegate.swift */; };
		96A795C21EA8626F009DCD0D /* ViewController.swift in Sources */ = {isa = PBXBuildFile; fileRef = 96A795C11EA8626F009DCD0D /* ViewController.swift */; };
		96A795C51EA8626F009DCD0D /* Main.storyboard in Resources */ = {isa = PBXBuildFile; fileRef = 96A795C31EA8626F009DCD0D /* Main.storyboard */; };
		96A795C71EA8626F009DCD0D /* Assets.xcassets in Resources */ = {isa = PBXBuildFile; fileRef = 96A795C61EA8626F009DCD0D /* Assets.xcassets */; };
		96A795CA1EA8626F009DCD0D /* LaunchScreen.storyboard in Resources */ = {isa = PBXBuildFile; fileRef = 96A795C81EA8626F009DCD0D /* LaunchScreen.storyboard */; };
		96A795F01EA86294009DCD0D /* kr-video-player-close@2x.png in Resources */ = {isa = PBXBuildFile; fileRef = 96A795D21EA86294009DCD0D /* kr-video-player-close@2x.png */; };
		96A795F11EA86294009DCD0D /* kr-video-player-close@3x.png in Resources */ = {isa = PBXBuildFile; fileRef = 96A795D31EA86294009DCD0D /* kr-video-player-close@3x.png */; };
		96A795F21EA86294009DCD0D /* kr-video-player-fullscreen@2x.png in Resources */ = {isa = PBXBuildFile; fileRef = 96A795D41EA86294009DCD0D /* kr-video-player-fullscreen@2x.png */; };
		96A795F31EA86294009DCD0D /* kr-video-player-fullscreen@3x.png in Resources */ = {isa = PBXBuildFile; fileRef = 96A795D51EA86294009DCD0D /* kr-video-player-fullscreen@3x.png */; };
		96A795F41EA86294009DCD0D /* kr-video-player-pause@2x.png in Resources */ = {isa = PBXBuildFile; fileRef = 96A795D61EA86294009DCD0D /* kr-video-player-pause@2x.png */; };
		96A795F51EA86294009DCD0D /* kr-video-player-pause@3x.png in Resources */ = {isa = PBXBuildFile; fileRef = 96A795D71EA86294009DCD0D /* kr-video-player-pause@3x.png */; };
		96A795F61EA86294009DCD0D /* kr-video-player-play@2x.png in Resources */ = {isa = PBXBuildFile; fileRef = 96A795D81EA86294009DCD0D /* kr-video-player-play@2x.png */; };
		96A795F71EA86294009DCD0D /* kr-video-player-play@3x.png in Resources */ = {isa = PBXBuildFile; fileRef = 96A795D91EA86294009DCD0D /* kr-video-player-play@3x.png */; };
		96A795F81EA86294009DCD0D /* kr-video-player-point@2x.png in Resources */ = {isa = PBXBuildFile; fileRef = 96A795DA1EA86294009DCD0D /* kr-video-player-point@2x.png */; };
		96A795F91EA86294009DCD0D /* kr-video-player-point@3x.png in Resources */ = {isa = PBXBuildFile; fileRef = 96A795DB1EA86294009DCD0D /* kr-video-player-point@3x.png */; };
		96A795FA1EA86294009DCD0D /* kr-video-player-shrinkscreen@2x.png in Resources */ = {isa = PBXBuildFile; fileRef = 96A795DC1EA86294009DCD0D /* kr-video-player-shrinkscreen@2x.png */; };
		96A795FB1EA86294009DCD0D /* kr-video-player-shrinkscreen@3x.png in Resources */ = {isa = PBXBuildFile; fileRef = 96A795DD1EA86294009DCD0D /* kr-video-player-shrinkscreen@3x.png */; };
		96A795FC1EA86294009DCD0D /* ZFPlayer_brightness@2x.png in Resources */ = {isa = PBXBuildFile; fileRef = 96A795DE1EA86294009DCD0D /* ZFPlayer_brightness@2x.png */; };
		96A795FD1EA86294009DCD0D /* zx-video-banner-back@2x.png in Resources */ = {isa = PBXBuildFile; fileRef = 96A795DF1EA86294009DCD0D /* zx-video-banner-back@2x.png */; };
		96A795FE1EA86294009DCD0D /* zx-video-banner-back@3x.png in Resources */ = {isa = PBXBuildFile; fileRef = 96A795E01EA86294009DCD0D /* zx-video-banner-back@3x.png */; };
		96A795FF1EA86294009DCD0D /* zx-video-player-brightness@2x.png in Resources */ = {isa = PBXBuildFile; fileRef = 96A795E11EA86294009DCD0D /* zx-video-player-brightness@2x.png */; };
		96A796001EA86294009DCD0D /* zx-video-player-brightness@3x.png in Resources */ = {isa = PBXBuildFile; fileRef = 96A795E21EA86294009DCD0D /* zx-video-player-brightness@3x.png */; };
		96A796011EA86294009DCD0D /* zx-video-player-fastForward@2x.png in Resources */ = {isa = PBXBuildFile; fileRef = 96A795E31EA86294009DCD0D /* zx-video-player-fastForward@2x.png */; };
		96A796021EA86294009DCD0D /* zx-video-player-fastForward@3x.png in Resources */ = {isa = PBXBuildFile; fileRef = 96A795E41EA86294009DCD0D /* zx-video-player-fastForward@3x.png */; };
		96A796031EA86294009DCD0D /* zx-video-player-lock@2x.png in Resources */ = {isa = PBXBuildFile; fileRef = 96A795E51EA86294009DCD0D /* zx-video-player-lock@2x.png */; };
		96A796041EA86294009DCD0D /* zx-video-player-lock@3x.png in Resources */ = {isa = PBXBuildFile; fileRef = 96A795E61EA86294009DCD0D /* zx-video-player-lock@3x.png */; };
		96A796051EA86294009DCD0D /* zx-video-player-rewind@2x.png in Resources */ = {isa = PBXBuildFile; fileRef = 96A795E71EA86294009DCD0D /* zx-video-player-rewind@2x.png */; };
		96A796061EA86294009DCD0D /* zx-video-player-rewind@3x.png in Resources */ = {isa = PBXBuildFile; fileRef = 96A795E81EA86294009DCD0D /* zx-video-player-rewind@3x.png */; };
		96A796071EA86294009DCD0D /* zx-video-player-unlock@2x.png in Resources */ = {isa = PBXBuildFile; fileRef = 96A795E91EA86294009DCD0D /* zx-video-player-unlock@2x.png */; };
		96A796081EA86294009DCD0D /* zx-video-player-unlock@3x.png in Resources */ = {isa = PBXBuildFile; fileRef = 96A795EA1EA86294009DCD0D /* zx-video-player-unlock@3x.png */; };
		96A796091EA86294009DCD0D /* zx-video-player-volume@2x.png in Resources */ = {isa = PBXBuildFile; fileRef = 96A795EB1EA86294009DCD0D /* zx-video-player-volume@2x.png */; };
		96A7960A1EA86294009DCD0D /* zx-video-player-volume@3x.png in Resources */ = {isa = PBXBuildFile; fileRef = 96A795EC1EA86294009DCD0D /* zx-video-player-volume@3x.png */; };
		96A7960B1EA86294009DCD0D /* zx-video-player-volumeMute@2x.png in Resources */ = {isa = PBXBuildFile; fileRef = 96A795ED1EA86294009DCD0D /* zx-video-player-volumeMute@2x.png */; };
		96A7960C1EA86294009DCD0D /* zx-video-player-volumeMute@3x.png in Resources */ = {isa = PBXBuildFile; fileRef = 96A795EE1EA86294009DCD0D /* zx-video-player-volumeMute@3x.png */; };
		96A7960D1EA86294009DCD0D /* VideoPlayerControlView.swift in Sources */ = {isa = PBXBuildFile; fileRef = 96A795EF1EA86294009DCD0D /* VideoPlayerControlView.swift */; };
		96A7960F1EA86343009DCD0D /* TimerExtension.swift in Sources */ = {isa = PBXBuildFile; fileRef = 96A7960E1EA86343009DCD0D /* TimerExtension.swift */; };
		96A796111EA889CE009DCD0D /* test.mov in Resources */ = {isa = PBXBuildFile; fileRef = 96A796101EA889CE009DCD0D /* test.mov */; };
/* End PBXBuildFile section */

/* Begin PBXFileReference section */
		96A795BC1EA8626F009DCD0D /* videoPlayer.app */ = {isa = PBXFileReference; explicitFileType = wrapper.application; includeInIndex = 0; path = videoPlayer.app; sourceTree = BUILT_PRODUCTS_DIR; };
		96A795BF1EA8626F009DCD0D /* AppDelegate.swift */ = {isa = PBXFileReference; lastKnownFileType = sourcecode.swift; path = AppDelegate.swift; sourceTree = "<group>"; };
		96A795C11EA8626F009DCD0D /* ViewController.swift */ = {isa = PBXFileReference; lastKnownFileType = sourcecode.swift; path = ViewController.swift; sourceTree = "<group>"; };
		96A795C41EA8626F009DCD0D /* Base */ = {isa = PBXFileReference; lastKnownFileType = file.storyboard; name = Base; path = Base.lproj/Main.storyboard; sourceTree = "<group>"; };
		96A795C61EA8626F009DCD0D /* Assets.xcassets */ = {isa = PBXFileReference; lastKnownFileType = folder.assetcatalog; path = Assets.xcassets; sourceTree = "<group>"; };
		96A795C91EA8626F009DCD0D /* Base */ = {isa = PBXFileReference; lastKnownFileType = file.storyboard; name = Base; path = Base.lproj/LaunchScreen.storyboard; sourceTree = "<group>"; };
		96A795CB1EA8626F009DCD0D /* Info.plist */ = {isa = PBXFileReference; lastKnownFileType = text.plist.xml; path = Info.plist; sourceTree = "<group>"; };
		96A795D21EA86294009DCD0D /* kr-video-player-close@2x.png */ = {isa = PBXFileReference; lastKnownFileType = image.png; path = "kr-video-player-close@2x.png"; sourceTree = "<group>"; };
		96A795D31EA86294009DCD0D /* kr-video-player-close@3x.png */ = {isa = PBXFileReference; lastKnownFileType = image.png; path = "kr-video-player-close@3x.png"; sourceTree = "<group>"; };
		96A795D41EA86294009DCD0D /* kr-video-player-fullscreen@2x.png */ = {isa = PBXFileReference; lastKnownFileType = image.png; path = "kr-video-player-fullscreen@2x.png"; sourceTree = "<group>"; };
		96A795D51EA86294009DCD0D /* kr-video-player-fullscreen@3x.png */ = {isa = PBXFileReference; lastKnownFileType = image.png; path = "kr-video-player-fullscreen@3x.png"; sourceTree = "<group>"; };
		96A795D61EA86294009DCD0D /* kr-video-player-pause@2x.png */ = {isa = PBXFileReference; lastKnownFileType = image.png; path = "kr-video-player-pause@2x.png"; sourceTree = "<group>"; };
		96A795D71EA86294009DCD0D /* kr-video-player-pause@3x.png */ = {isa = PBXFileReference; lastKnownFileType = image.png; path = "kr-video-player-pause@3x.png"; sourceTree = "<group>"; };
		96A795D81EA86294009DCD0D /* kr-video-player-play@2x.png */ = {isa = PBXFileReference; lastKnownFileType = image.png; path = "kr-video-player-play@2x.png"; sourceTree = "<group>"; };
		96A795D91EA86294009DCD0D /* kr-video-player-play@3x.png */ = {isa = PBXFileReference; lastKnownFileType = image.png; path = "kr-video-player-play@3x.png"; sourceTree = "<group>"; };
		96A795DA1EA86294009DCD0D /* kr-video-player-point@2x.png */ = {isa = PBXFileReference; lastKnownFileType = image.png; path = "kr-video-player-point@2x.png"; sourceTree = "<group>"; };
		96A795DB1EA86294009DCD0D /* kr-video-player-point@3x.png */ = {isa = PBXFileReference; lastKnownFileType = image.png; path = "kr-video-player-point@3x.png"; sourceTree = "<group>"; };
		96A795DC1EA86294009DCD0D /* kr-video-player-shrinkscreen@2x.png */ = {isa = PBXFileReference; lastKnownFileType = image.png; path = "kr-video-player-shrinkscreen@2x.png"; sourceTree = "<group>"; };
		96A795DD1EA86294009DCD0D /* kr-video-player-shrinkscreen@3x.png */ = {isa = PBXFileReference; lastKnownFileType = image.png; path = "kr-video-player-shrinkscreen@3x.png"; sourceTree = "<group>"; };
		96A795DE1EA86294009DCD0D /* ZFPlayer_brightness@2x.png */ = {isa = PBXFileReference; lastKnownFileType = image.png; path = "ZFPlayer_brightness@2x.png"; sourceTree = "<group>"; };
		96A795DF1EA86294009DCD0D /* zx-video-banner-back@2x.png */ = {isa = PBXFileReference; lastKnownFileType = image.png; path = "zx-video-banner-back@2x.png"; sourceTree = "<group>"; };
		96A795E01EA86294009DCD0D /* zx-video-banner-back@3x.png */ = {isa = PBXFileReference; lastKnownFileType = image.png; path = "zx-video-banner-back@3x.png"; sourceTree = "<group>"; };
		96A795E11EA86294009DCD0D /* zx-video-player-brightness@2x.png */ = {isa = PBXFileReference; lastKnownFileType = image.png; path = "zx-video-player-brightness@2x.png"; sourceTree = "<group>"; };
		96A795E21EA86294009DCD0D /* zx-video-player-brightness@3x.png */ = {isa = PBXFileReference; lastKnownFileType = image.png; path = "zx-video-player-brightness@3x.png"; sourceTree = "<group>"; };
		96A795E31EA86294009DCD0D /* zx-video-player-fastForward@2x.png */ = {isa = PBXFileReference; lastKnownFileType = image.png; path = "zx-video-player-fastForward@2x.png"; sourceTree = "<group>"; };
		96A795E41EA86294009DCD0D /* zx-video-player-fastForward@3x.png */ = {isa = PBXFileReference; lastKnownFileType = image.png; path = "zx-video-player-fastForward@3x.png"; sourceTree = "<group>"; };
		96A795E51EA86294009DCD0D /* zx-video-player-lock@2x.png */ = {isa = PBXFileReference; lastKnownFileType = image.png; path = "zx-video-player-lock@2x.png"; sourceTree = "<group>"; };
		96A795E61EA86294009DCD0D /* zx-video-player-lock@3x.png */ = {isa = PBXFileReference; lastKnownFileType = image.png; path = "zx-video-player-lock@3x.png"; sourceTree = "<group>"; };
		96A795E71EA86294009DCD0D /* zx-video-player-rewind@2x.png */ = {isa = PBXFileReference; lastKnownFileType = image.png; path = "zx-video-player-rewind@2x.png"; sourceTree = "<group>"; };
		96A795E81EA86294009DCD0D /* zx-video-player-rewind@3x.png */ = {isa = PBXFileReference; lastKnownFileType = image.png; path = "zx-video-player-rewind@3x.png"; sourceTree = "<group>"; };
		96A795E91EA86294009DCD0D /* zx-video-player-unlock@2x.png */ = {isa = PBXFileReference; lastKnownFileType = image.png; path = "zx-video-player-unlock@2x.png"; sourceTree = "<group>"; };
		96A795EA1EA86294009DCD0D /* zx-video-player-unlock@3x.png */ = {isa = PBXFileReference; lastKnownFileType = image.png; path = "zx-video-player-unlock@3x.png"; sourceTree = "<group>"; };
		96A795EB1EA86294009DCD0D /* zx-video-player-volume@2x.png */ = {isa = PBXFileReference; lastKnownFileType = image.png; path = "zx-video-player-volume@2x.png"; sourceTree = "<group>"; };
		96A795EC1EA86294009DCD0D /* zx-video-player-volume@3x.png */ = {isa = PBXFileReference; lastKnownFileType = image.png; path = "zx-video-player-volume@3x.png"; sourceTree = "<group>"; };
		96A795ED1EA86294009DCD0D /* zx-video-player-volumeMute@2x.png */ = {isa = PBXFileReference; lastKnownFileType = image.png; path = "zx-video-player-volumeMute@2x.png"; sourceTree = "<group>"; };
		96A795EE1EA86294009DCD0D /* zx-video-player-volumeMute@3x.png */ = {isa = PBXFileReference; lastKnownFileType = image.png; path = "zx-video-player-volumeMute@3x.png"; sourceTree = "<group>"; };
		96A795EF1EA86294009DCD0D /* VideoPlayerControlView.swift */ = {isa = PBXFileReference; fileEncoding = 4; lastKnownFileType = sourcecode.swift; path = VideoPlayerControlView.swift; sourceTree = "<group>"; };
		96A7960E1EA86343009DCD0D /* TimerExtension.swift */ = {isa = PBXFileReference; fileEncoding = 4; lastKnownFileType = sourcecode.swift; path = TimerExtension.swift; sourceTree = "<group>"; };
		96A796101EA889CE009DCD0D /* test.mov */ = {isa = PBXFileReference; lastKnownFileType = video.quicktime; path = test.mov; sourceTree = "<group>"; };
/* End PBXFileReference section */

/* Begin PBXFrameworksBuildPhase section */
		96A795B91EA8626F009DCD0D /* Frameworks */ = {
			isa = PBXFrameworksBuildPhase;
			buildActionMask = 2147483647;
			files = (
			);
			runOnlyForDeploymentPostprocessing = 0;
		};
/* End PBXFrameworksBuildPhase section */

/* Begin PBXGroup section */
		96A795B31EA8626F009DCD0D = {
			isa = PBXGroup;
			children = (
				96A795BE1EA8626F009DCD0D /* videoPlayer */,
				96A795BD1EA8626F009DCD0D /* Products */,
			);
			sourceTree = "<group>";
		};
		96A795BD1EA8626F009DCD0D /* Products */ = {
			isa = PBXGroup;
			children = (
				96A795BC1EA8626F009DCD0D /* videoPlayer.app */,
			);
			name = Products;
			sourceTree = "<group>";
		};
		96A795BE1EA8626F009DCD0D /* videoPlayer */ = {
			isa = PBXGroup;
			children = (
				96A795BF1EA8626F009DCD0D /* AppDelegate.swift */,
				96A795C11EA8626F009DCD0D /* ViewController.swift */,
				96A796101EA889CE009DCD0D /* test.mov */,
				96A795D11EA86294009DCD0D /* Assets */,
				96A795EF1EA86294009DCD0D /* VideoPlayerControlView.swift */,
				96A7960E1EA86343009DCD0D /* TimerExtension.swift */,
				96A795C31EA8626F009DCD0D /* Main.storyboard */,
				96A795C61EA8626F009DCD0D /* Assets.xcassets */,
				96A795C81EA8626F009DCD0D /* LaunchScreen.storyboard */,
				96A795CB1EA8626F009DCD0D /* Info.plist */,
			);
			path = videoPlayer;
			sourceTree = "<group>";
		};
		96A795D11EA86294009DCD0D /* Assets */ = {
			isa = PBXGroup;
			children = (
				96A795D21EA86294009DCD0D /* kr-video-player-close@2x.png */,
				96A795D31EA86294009DCD0D /* kr-video-player-close@3x.png */,
				96A795D41EA86294009DCD0D /* kr-video-player-fullscreen@2x.png */,
				96A795D51EA86294009DCD0D /* kr-video-player-fullscreen@3x.png */,
				96A795D61EA86294009DCD0D /* kr-video-player-pause@2x.png */,
				96A795D71EA86294009DCD0D /* kr-video-player-pause@3x.png */,
				96A795D81EA86294009DCD0D /* kr-video-player-play@2x.png */,
				96A795D91EA86294009DCD0D /* kr-video-player-play@3x.png */,
				96A795DA1EA86294009DCD0D /* kr-video-player-point@2x.png */,
				96A795DB1EA86294009DCD0D /* kr-video-player-point@3x.png */,
				96A795DC1EA86294009DCD0D /* kr-video-player-shrinkscreen@2x.png */,
				96A795DD1EA86294009DCD0D /* kr-video-player-shrinkscreen@3x.png */,
				96A795DE1EA86294009DCD0D /* ZFPlayer_brightness@2x.png */,
				96A795DF1EA86294009DCD0D /* zx-video-banner-back@2x.png */,
				96A795E01EA86294009DCD0D /* zx-video-banner-back@3x.png */,
				96A795E11EA86294009DCD0D /* zx-video-player-brightness@2x.png */,
				96A795E21EA86294009DCD0D /* zx-video-player-brightness@3x.png */,
				96A795E31EA86294009DCD0D /* zx-video-player-fastForward@2x.png */,
				96A795E41EA86294009DCD0D /* zx-video-player-fastForward@3x.png */,
				96A795E51EA86294009DCD0D /* zx-video-player-lock@2x.png */,
				96A795E61EA86294009DCD0D /* zx-video-player-lock@3x.png */,
				96A795E71EA86294009DCD0D /* zx-video-player-rewind@2x.png */,
				96A795E81EA86294009DCD0D /* zx-video-player-rewind@3x.png */,
				96A795E91EA86294009DCD0D /* zx-video-player-unlock@2x.png */,
				96A795EA1EA86294009DCD0D /* zx-video-player-unlock@3x.png */,
				96A795EB1EA86294009DCD0D /* zx-video-player-volume@2x.png */,
				96A795EC1EA86294009DCD0D /* zx-video-player-volume@3x.png */,
				96A795ED1EA86294009DCD0D /* zx-video-player-volumeMute@2x.png */,
				96A795EE1EA86294009DCD0D /* zx-video-player-volumeMute@3x.png */,
			);
			path = Assets;
			sourceTree = "<group>";
		};
/* End PBXGroup section */

/* Begin PBXNativeTarget section */
		96A795BB1EA8626F009DCD0D /* videoPlayer */ = {
			isa = PBXNativeTarget;
			buildConfigurationList = 96A795CE1EA8626F009DCD0D /* Build configuration list for PBXNativeTarget "videoPlayer" */;
			buildPhases = (
				96A795B81EA8626F009DCD0D /* Sources */,
				96A795B91EA8626F009DCD0D /* Frameworks */,
				96A795BA1EA8626F009DCD0D /* Resources */,
			);
			buildRules = (
			);
			dependencies = (
			);
			name = videoPlayer;
			productName = videoPlayer;
			productReference = 96A795BC1EA8626F009DCD0D /* videoPlayer.app */;
			productType = "com.apple.product-type.application";
		};
/* End PBXNativeTarget section */

/* Begin PBXProject section */
		96A795B41EA8626F009DCD0D /* Project object */ = {
			isa = PBXProject;
			attributes = {
				LastSwiftUpdateCheck = 0830;
				LastUpgradeCheck = 0830;
				ORGANIZATIONNAME = wanwu;
				TargetAttributes = {
					96A795BB1EA8626F009DCD0D = {
						CreatedOnToolsVersion = 8.3.1;
						DevelopmentTeam = 8RFW2TW3Q2;
						ProvisioningStyle = Automatic;
					};
				};
			};
			buildConfigurationList = 96A795B71EA8626F009DCD0D /* Build configuration list for PBXProject "videoPlayer" */;
			compatibilityVersion = "Xcode 3.2";
			developmentRegion = English;
			hasScannedForEncodings = 0;
			knownRegions = (
				en,
				Base,
			);
			mainGroup = 96A795B31EA8626F009DCD0D;
			productRefGroup = 96A795BD1EA8626F009DCD0D /* Products */;
			projectDirPath = "";
			projectRoot = "";
			targets = (
				96A795BB1EA8626F009DCD0D /* videoPlayer */,
			);
		};
/* End PBXProject section */

/* Begin PBXResourcesBuildPhase section */
		96A795BA1EA8626F009DCD0D /* Resources */ = {
			isa = PBXResourcesBuildPhase;
			buildActionMask = 2147483647;
			files = (
				96A796031EA86294009DCD0D /* zx-video-player-lock@2x.png in Resources */,
				96A795F61EA86294009DCD0D /* kr-video-player-play@2x.png in Resources */,
				96A7960B1EA86294009DCD0D /* zx-video-player-volumeMute@2x.png in Resources */,
				96A795F11EA86294009DCD0D /* kr-video-player-close@3x.png in Resources */,
				96A795F71EA86294009DCD0D /* kr-video-player-play@3x.png in Resources */,
				96A795FD1EA86294009DCD0D /* zx-video-banner-back@2x.png in Resources */,
				96A796021EA86294009DCD0D /* zx-video-player-fastForward@3x.png in Resources */,
				96A795F31EA86294009DCD0D /* kr-video-player-fullscreen@3x.png in Resources */,
				96A795F91EA86294009DCD0D /* kr-video-player-point@3x.png in Resources */,
				96A795F21EA86294009DCD0D /* kr-video-player-fullscreen@2x.png in Resources */,
				96A796061EA86294009DCD0D /* zx-video-player-rewind@3x.png in Resources */,
				96A796001EA86294009DCD0D /* zx-video-player-brightness@3x.png in Resources */,
				96A795CA1EA8626F009DCD0D /* LaunchScreen.storyboard in Resources */,
				96A7960C1EA86294009DCD0D /* zx-video-player-volumeMute@3x.png in Resources */,
				96A795FF1EA86294009DCD0D /* zx-video-player-brightness@2x.png in Resources */,
				96A796111EA889CE009DCD0D /* test.mov in Resources */,
				96A795C71EA8626F009DCD0D /* Assets.xcassets in Resources */,
				96A795C51EA8626F009DCD0D /* Main.storyboard in Resources */,
				96A796091EA86294009DCD0D /* zx-video-player-volume@2x.png in Resources */,
				96A795FE1EA86294009DCD0D /* zx-video-banner-back@3x.png in Resources */,
				96A795FA1EA86294009DCD0D /* kr-video-player-shrinkscreen@2x.png in Resources */,
				96A795F51EA86294009DCD0D /* kr-video-player-pause@3x.png in Resources */,
				96A795FB1EA86294009DCD0D /* kr-video-player-shrinkscreen@3x.png in Resources */,
				96A796011EA86294009DCD0D /* zx-video-player-fastForward@2x.png in Resources */,
				96A795FC1EA86294009DCD0D /* ZFPlayer_brightness@2x.png in Resources */,
				96A796051EA86294009DCD0D /* zx-video-player-rewind@2x.png in Resources */,
				96A795F01EA86294009DCD0D /* kr-video-player-close@2x.png in Resources */,
				96A7960A1EA86294009DCD0D /* zx-video-player-volume@3x.png in Resources */,
				96A796071EA86294009DCD0D /* zx-video-player-unlock@2x.png in Resources */,
				96A796081EA86294009DCD0D /* zx-video-player-unlock@3x.png in Resources */,
				96A795F41EA86294009DCD0D /* kr-video-player-pause@2x.png in Resources */,
				96A795F81EA86294009DCD0D /* kr-video-player-point@2x.png in Resources */,
				96A796041EA86294009DCD0D /* zx-video-player-lock@3x.png in Resources */,
			);
			runOnlyForDeploymentPostprocessing = 0;
		};
/* End PBXResourcesBuildPhase section */

/* Begin PBXSourcesBuildPhase section */
		96A795B81EA8626F009DCD0D /* Sources */ = {
			isa = PBXSourcesBuildPhase;
			buildActionMask = 2147483647;
			files = (
				96A795C21EA8626F009DCD0D /* ViewController.swift in Sources */,
				96A7960F1EA86343009DCD0D /* TimerExtension.swift in Sources */,
				96A795C01EA8626F009DCD0D /* AppDelegate.swift in Sources */,
				96A7960D1EA86294009DCD0D /* VideoPlayerControlView.swift in Sources */,
			);
			runOnlyForDeploymentPostprocessing = 0;
		};
/* End PBXSourcesBuildPhase section */

/* Begin PBXVariantGroup section */
		96A795C31EA8626F009DCD0D /* Main.storyboard */ = {
			isa = PBXVariantGroup;
			children = (
				96A795C41EA8626F009DCD0D /* Base */,
			);
			name = Main.storyboard;
			sourceTree = "<group>";
		};
		96A795C81EA8626F009DCD0D /* LaunchScreen.storyboard */ = {
			isa = PBXVariantGroup;
			children = (
				96A795C91EA8626F009DCD0D /* Base */,
			);
			name = LaunchScreen.storyboard;
			sourceTree = "<group>";
		};
/* End PBXVariantGroup section */

/* Begin XCBuildConfiguration section */
		96A795CC1EA8626F009DCD0D /* Debug */ = {
			isa = XCBuildConfiguration;
			buildSettings = {
				ALWAYS_SEARCH_USER_PATHS = NO;
				CLANG_ANALYZER_NONNULL = YES;
				CLANG_ANALYZER_NUMBER_OBJECT_CONVERSION = YES_AGGRESSIVE;
				CLANG_CXX_LANGUAGE_STANDARD = "gnu++0x";
				CLANG_CXX_LIBRARY = "libc++";
				CLANG_ENABLE_MODULES = YES;
				CLANG_ENABLE_OBJC_ARC = YES;
				CLANG_WARN_BOOL_CONVERSION = YES;
				CLANG_WARN_CONSTANT_CONVERSION = YES;
				CLANG_WARN_DIRECT_OBJC_ISA_USAGE = YES_ERROR;
				CLANG_WARN_DOCUMENTATION_COMMENTS = YES;
				CLANG_WARN_EMPTY_BODY = YES;
				CLANG_WARN_ENUM_CONVERSION = YES;
				CLANG_WARN_INFINITE_RECURSION = YES;
				CLANG_WARN_INT_CONVERSION = YES;
				CLANG_WARN_OBJC_ROOT_CLASS = YES_ERROR;
				CLANG_WARN_SUSPICIOUS_MOVE = YES;
				CLANG_WARN_UNREACHABLE_CODE = YES;
				CLANG_WARN__DUPLICATE_METHOD_MATCH = YES;
				"CODE_SIGN_IDENTITY[sdk=iphoneos*]" = "iPhone Developer";
				COPY_PHASE_STRIP = NO;
				DEBUG_INFORMATION_FORMAT = dwarf;
				ENABLE_STRICT_OBJC_MSGSEND = YES;
				ENABLE_TESTABILITY = YES;
				GCC_C_LANGUAGE_STANDARD = gnu99;
				GCC_DYNAMIC_NO_PIC = NO;
				GCC_NO_COMMON_BLOCKS = YES;
				GCC_OPTIMIZATION_LEVEL = 0;
				GCC_PREPROCESSOR_DEFINITIONS = (
					"DEBUG=1",
					"$(inherited)",
				);
				GCC_WARN_64_TO_32_BIT_CONVERSION = YES;
				GCC_WARN_ABOUT_RETURN_TYPE = YES_ERROR;
				GCC_WARN_UNDECLARED_SELECTOR = YES;
				GCC_WARN_UNINITIALIZED_AUTOS = YES_AGGRESSIVE;
				GCC_WARN_UNUSED_FUNCTION = YES;
				GCC_WARN_UNUSED_VARIABLE = YES;
				IPHONEOS_DEPLOYMENT_TARGET = 10.3;
				MTL_ENABLE_DEBUG_INFO = YES;
				ONLY_ACTIVE_ARCH = YES;
				SDKROOT = iphoneos;
				SWIFT_ACTIVE_COMPILATION_CONDITIONS = DEBUG;
				SWIFT_OPTIMIZATION_LEVEL = "-Onone";
				TARGETED_DEVICE_FAMILY = "1,2";
			};
			name = Debug;
		};
		96A795CD1EA8626F009DCD0D /* Release */ = {
			isa = XCBuildConfiguration;
			buildSettings = {
				ALWAYS_SEARCH_USER_PATHS = NO;
				CLANG_ANALYZER_NONNULL = YES;
				CLANG_ANALYZER_NUMBER_OBJECT_CONVERSION = YES_AGGRESSIVE;
				CLANG_CXX_LANGUAGE_STANDARD = "gnu++0x";
				CLANG_CXX_LIBRARY = "libc++";
				CLANG_ENABLE_MODULES = YES;
				CLANG_ENABLE_OBJC_ARC = YES;
				CLANG_WARN_BOOL_CONVERSION = YES;
				CLANG_WARN_CONSTANT_CONVERSION = YES;
				CLANG_WARN_DIRECT_OBJC_ISA_USAGE = YES_ERROR;
				CLANG_WARN_DOCUMENTATION_COMMENTS = YES;
				CLANG_WARN_EMPTY_BODY = YES;
				CLANG_WARN_ENUM_CONVERSION = YES;
				CLANG_WARN_INFINITE_RECURSION = YES;
				CLANG_WARN_INT_CONVERSION = YES;
				CLANG_WARN_OBJC_ROOT_CLASS = YES_ERROR;
				CLANG_WARN_SUSPICIOUS_MOVE = YES;
				CLANG_WARN_UNREACHABLE_CODE = YES;
				CLANG_WARN__DUPLICATE_METHOD_MATCH = YES;
				"CODE_SIGN_IDENTITY[sdk=iphoneos*]" = "iPhone Developer";
				COPY_PHASE_STRIP = NO;
				DEBUG_INFORMATION_FORMAT = "dwarf-with-dsym";
				ENABLE_NS_ASSERTIONS = NO;
				ENABLE_STRICT_OBJC_MSGSEND = YES;
				GCC_C_LANGUAGE_STANDARD = gnu99;
				GCC_NO_COMMON_BLOCKS = YES;
				GCC_WARN_64_TO_32_BIT_CONVERSION = YES;
				GCC_WARN_ABOUT_RETURN_TYPE = YES_ERROR;
				GCC_WARN_UNDECLARED_SELECTOR = YES;
				GCC_WARN_UNINITIALIZED_AUTOS = YES_AGGRESSIVE;
				GCC_WARN_UNUSED_FUNCTION = YES;
				GCC_WARN_UNUSED_VARIABLE = YES;
				IPHONEOS_DEPLOYMENT_TARGET = 10.3;
				MTL_ENABLE_DEBUG_INFO = NO;
				SDKROOT = iphoneos;
				SWIFT_OPTIMIZATION_LEVEL = "-Owholemodule";
				TARGETED_DEVICE_FAMILY = "1,2";
				VALIDATE_PRODUCT = YES;
			};
			name = Release;
		};
		96A795CF1EA8626F009DCD0D /* Debug */ = {
			isa = XCBuildConfiguration;
			buildSettings = {
				ASSETCATALOG_COMPILER_APPICON_NAME = AppIcon;
				DEVELOPMENT_TEAM = 8RFW2TW3Q2;
				INFOPLIST_FILE = videoPlayer/Info.plist;
				IPHONEOS_DEPLOYMENT_TARGET = 8.1;
				LD_RUNPATH_SEARCH_PATHS = "$(inherited) @executable_path/Frameworks";
				PRODUCT_BUNDLE_IDENTIFIER = com.test.test.videoPlayer;
				PRODUCT_NAME = "$(TARGET_NAME)";
				SWIFT_VERSION = 3.0;
			};
			name = Debug;
		};
		96A795D01EA8626F009DCD0D /* Release */ = {
			isa = XCBuildConfiguration;
			buildSettings = {
				ASSETCATALOG_COMPILER_APPICON_NAME = AppIcon;
				DEVELOPMENT_TEAM = 8RFW2TW3Q2;
				INFOPLIST_FILE = videoPlayer/Info.plist;
				IPHONEOS_DEPLOYMENT_TARGET = 8.1;
				LD_RUNPATH_SEARCH_PATHS = "$(inherited) @executable_path/Frameworks";
				PRODUCT_BUNDLE_IDENTIFIER = com.test.test.videoPlayer;
				PRODUCT_NAME = "$(TARGET_NAME)";
				SWIFT_VERSION = 3.0;
			};
			name = Release;
		};
/* End XCBuildConfiguration section */

/* Begin XCConfigurationList section */
		96A795B71EA8626F009DCD0D /* Build configuration list for PBXProject "videoPlayer" */ = {
			isa = XCConfigurationList;
			buildConfigurations = (
				96A795CC1EA8626F009DCD0D /* Debug */,
				96A795CD1EA8626F009DCD0D /* Release */,
			);
			defaultConfigurationIsVisible = 0;
			defaultConfigurationName = Release;
		};
		96A795CE1EA8626F009DCD0D /* Build configuration list for PBXNativeTarget "videoPlayer" */ = {
			isa = XCConfigurationList;
			buildConfigurations = (
				96A795CF1EA8626F009DCD0D /* Debug */,
				96A795D01EA8626F009DCD0D /* Release */,
			);
			defaultConfigurationIsVisible = 0;
		};
/* End XCConfigurationList section */
	};
	rootObject = 96A795B41EA8626F009DCD0D /* Project object */;
}
